
Microsoft Visual Studio Solution File, Format Version 12.00
# Visual Studio 14
VisualStudioVersion = 14.0.25420.1
MinimumVisualStudioVersion = 10.0.40219.1
Project("{FAE04EC0-301F-11D3-BF4B-00C04F79EFBC}") = "ComplexWork", "ComplexWork\ComplexWork.csproj", "{A556BF43-61A9-4A1D-8965-18D9AB625782}"
EndProject
Project("{FAE04EC0-301F-11D3-BF4B-00C04F79EFBC}") = "LogicHelper", "Helper\LogicHelper.csproj", "{542584F0-5783-44D9-8204-660340C5F9A0}"
EndProject
Project("{FAE04EC0-301F-11D3-BF4B-00C04F79EFBC}") = "FractionsWork", "FractionsWork\FractionsWork.csproj", "{6C7FF51B-AD0F-4890-A5A0-AB14156C8B27}"
EndProject
Project("{FAE04EC0-301F-11D3-BF4B-00C04F79EFBC}") = "KeyboardEnter", "KeyboardEnter\KeyboardEnter.csproj", "{B5202C26-D191-4589-A42E-97B2EEAC9326}"
EndProject
Global
	GlobalSection(SolutionConfigurationPlatforms) = preSolution
		Debug|Any CPU = Debug|Any CPU
		Release|Any CPU = Release|Any CPU
	EndGlobalSection
	GlobalSection(ProjectConfigurationPlatforms) = postSolution
		{A556BF43-61A9-4A1D-8965-18D9AB625782}.Debug|Any CPU.ActiveCfg = Debug|Any CPU
		{A556BF43-61A9-4A1D-8965-18D9AB625782}.Debug|Any CPU.Build.0 = Debug|Any CPU
		{A556BF43-61A9-4A1D-8965-18D9AB625782}.Release|Any CPU.ActiveCfg = Release|Any CPU
		{A556BF43-61A9-4A1D-8965-18D9AB625782}.Release|Any CPU.Build.0 = Release|Any CPU
		{542584F0-5783-44D9-8204-660340C5F9A0}.Debug|Any CPU.ActiveCfg = Debug|Any CPU
		{542584F0-5783-44D9-8204-660340C5F9A0}.Debug|Any CPU.Build.0 = Debug|Any CPU
		{542584F0-5783-44D9-8204-660340C5F9A0}.Release|Any CPU.ActiveCfg = Release|Any CPU
		{542584F0-5783-44D9-8204-660340C5F9A0}.Release|Any CPU.Build.0 = Release|Any CPU
		{6C7FF51B-AD0F-4890-A5A0-AB14156C8B27}.Debug|Any CPU.ActiveCfg = Debug|Any CPU
		{6C7FF51B-AD0F-4890-A5A0-AB14156C8B27}.Debug|Any CPU.Build.0 = Debug|Any CPU
		{6C7FF51B-AD0F-4890-A5A0-AB14156C8B27}.Release|Any CPU.ActiveCfg = Release|Any CPU
		{6C7FF51B-AD0F-4890-A5A0-AB14156C8B27}.Release|Any CPU.Build.0 = Release|Any CPU
		{B5202C26-D191-4589-A42E-97B2EEAC9326}.Debug|Any CPU.ActiveCfg = Debug|Any CPU
		{B5202C26-D191-4589-A42E-97B2EEAC9326}.Debug|Any CPU.Build.0 = Debug|Any CPU
		{B5202C26-D191-4589-A42E-97B2EEAC9326}.Release|Any CPU.ActiveCfg = Release|Any CPU
		{B5202C26-D191-4589-A42E-97B2EEAC9326}.Release|Any CPU.Build.0 = Release|Any CPU
	EndGlobalSection
	GlobalSection(SolutionProperties) = preSolution
		HideSolutionNode = FALSE
	EndGlobalSection
EndGlobal
