
Microsoft Visual Studio Solution File, Format Version 12.00
# Visual Studio 14
VisualStudioVersion = 14.0.25420.1
MinimumVisualStudioVersion = 10.0.40219.1
Project("{FAE04EC0-301F-11D3-BF4B-00C04F79EFBC}") = "LogicHelper", "Helper\LogicHelper.csproj", "{542584F0-5783-44D9-8204-660340C5F9A0}"
EndProject
Project("{FAE04EC0-301F-11D3-BF4B-00C04F79EFBC}") = "1.LoginCheck", "1.LoginCheck\1.LoginCheck.csproj", "{91E09F57-2672-42CC-A0BC-FA124E239328}"
EndProject
Project("{FAE04EC0-301F-11D3-BF4B-00C04F79EFBC}") = "2.StringCheck", "2.StringCheck\2.StringCheck.csproj", "{54652A53-477A-4E6C-89C6-0E9640DA9566}"
EndProject
Project("{FAE04EC0-301F-11D3-BF4B-00C04F79EFBC}") = "4.SchoolTask", "4.SchoolTask\4.SchoolTask.csproj", "{446715EB-9E2F-41C5-9B45-F5FEA0BCC0D0}"
EndProject
Project("{FAE04EC0-301F-11D3-BF4B-00C04F79EFBC}") = "3.Transposition", "3.Transposition\3.Transposition.csproj", "{33122192-FBB1-49AE-BAF0-BD3C1B00CF22}"
EndProject
Global
	GlobalSection(SolutionConfigurationPlatforms) = preSolution
		Debug|Any CPU = Debug|Any CPU
		Release|Any CPU = Release|Any CPU
	EndGlobalSection
	GlobalSection(ProjectConfigurationPlatforms) = postSolution
		{542584F0-5783-44D9-8204-660340C5F9A0}.Debug|Any CPU.ActiveCfg = Debug|Any CPU
		{542584F0-5783-44D9-8204-660340C5F9A0}.Debug|Any CPU.Build.0 = Debug|Any CPU
		{542584F0-5783-44D9-8204-660340C5F9A0}.Release|Any CPU.ActiveCfg = Release|Any CPU
		{542584F0-5783-44D9-8204-660340C5F9A0}.Release|Any CPU.Build.0 = Release|Any CPU
		{91E09F57-2672-42CC-A0BC-FA124E239328}.Debug|Any CPU.ActiveCfg = Debug|Any CPU
		{91E09F57-2672-42CC-A0BC-FA124E239328}.Debug|Any CPU.Build.0 = Debug|Any CPU
		{91E09F57-2672-42CC-A0BC-FA124E239328}.Release|Any CPU.ActiveCfg = Release|Any CPU
		{91E09F57-2672-42CC-A0BC-FA124E239328}.Release|Any CPU.Build.0 = Release|Any CPU
		{54652A53-477A-4E6C-89C6-0E9640DA9566}.Debug|Any CPU.ActiveCfg = Debug|Any CPU
		{54652A53-477A-4E6C-89C6-0E9640DA9566}.Debug|Any CPU.Build.0 = Debug|Any CPU
		{54652A53-477A-4E6C-89C6-0E9640DA9566}.Release|Any CPU.ActiveCfg = Release|Any CPU
		{54652A53-477A-4E6C-89C6-0E9640DA9566}.Release|Any CPU.Build.0 = Release|Any CPU
		{446715EB-9E2F-41C5-9B45-F5FEA0BCC0D0}.Debug|Any CPU.ActiveCfg = Debug|Any CPU
		{446715EB-9E2F-41C5-9B45-F5FEA0BCC0D0}.Debug|Any CPU.Build.0 = Debug|Any CPU
		{446715EB-9E2F-41C5-9B45-F5FEA0BCC0D0}.Release|Any CPU.ActiveCfg = Release|Any CPU
		{446715EB-9E2F-41C5-9B45-F5FEA0BCC0D0}.Release|Any CPU.Build.0 = Release|Any CPU
		{33122192-FBB1-49AE-BAF0-BD3C1B00CF22}.Debug|Any CPU.ActiveCfg = Debug|Any CPU
		{33122192-FBB1-49AE-BAF0-BD3C1B00CF22}.Debug|Any CPU.Build.0 = Debug|Any CPU
		{33122192-FBB1-49AE-BAF0-BD3C1B00CF22}.Release|Any CPU.ActiveCfg = Release|Any CPU
		{33122192-FBB1-49AE-BAF0-BD3C1B00CF22}.Release|Any CPU.Build.0 = Release|Any CPU
	EndGlobalSection
	GlobalSection(SolutionProperties) = preSolution
		HideSolutionNode = FALSE
	EndGlobalSection
EndGlobal
