
Microsoft Visual Studio Solution File, Format Version 12.00
# Visual Studio 14
VisualStudioVersion = 14.0.25420.1
MinimumVisualStudioVersion = 10.0.40219.1
Project("{FAE04EC0-301F-11D3-BF4B-00C04F79EFBC}") = "BodyMassIndex", "BodyMassIndex\BodyMassIndex.csproj", "{4C91AD88-5AC7-4D18-8F1B-A91FBBB6F4A5}"
EndProject
Project("{FAE04EC0-301F-11D3-BF4B-00C04F79EFBC}") = "LogicHelper", "Helper\LogicHelper.csproj", "{542584F0-5783-44D9-8204-660340C5F9A0}"
EndProject
Project("{FAE04EC0-301F-11D3-BF4B-00C04F79EFBC}") = "GoodNumbers", "GoodNumbers\GoodNumbers.csproj", "{FCE40A9C-ED20-4490-9283-8125603C3E01}"
EndProject
Project("{FAE04EC0-301F-11D3-BF4B-00C04F79EFBC}") = "RecurseExp", "RecurseExp\RecurseExp.csproj", "{F4CD8CCA-36AF-4FDD-94D8-3721A50FF809}"
EndProject
Global
	GlobalSection(SolutionConfigurationPlatforms) = preSolution
		Debug|Any CPU = Debug|Any CPU
		Release|Any CPU = Release|Any CPU
	EndGlobalSection
	GlobalSection(ProjectConfigurationPlatforms) = postSolution
		{4C91AD88-5AC7-4D18-8F1B-A91FBBB6F4A5}.Debug|Any CPU.ActiveCfg = Debug|Any CPU
		{4C91AD88-5AC7-4D18-8F1B-A91FBBB6F4A5}.Debug|Any CPU.Build.0 = Debug|Any CPU
		{4C91AD88-5AC7-4D18-8F1B-A91FBBB6F4A5}.Release|Any CPU.ActiveCfg = Release|Any CPU
		{4C91AD88-5AC7-4D18-8F1B-A91FBBB6F4A5}.Release|Any CPU.Build.0 = Release|Any CPU
		{542584F0-5783-44D9-8204-660340C5F9A0}.Debug|Any CPU.ActiveCfg = Debug|Any CPU
		{542584F0-5783-44D9-8204-660340C5F9A0}.Debug|Any CPU.Build.0 = Debug|Any CPU
		{542584F0-5783-44D9-8204-660340C5F9A0}.Release|Any CPU.ActiveCfg = Release|Any CPU
		{542584F0-5783-44D9-8204-660340C5F9A0}.Release|Any CPU.Build.0 = Release|Any CPU
		{FCE40A9C-ED20-4490-9283-8125603C3E01}.Debug|Any CPU.ActiveCfg = Debug|Any CPU
		{FCE40A9C-ED20-4490-9283-8125603C3E01}.Debug|Any CPU.Build.0 = Debug|Any CPU
		{FCE40A9C-ED20-4490-9283-8125603C3E01}.Release|Any CPU.ActiveCfg = Release|Any CPU
		{FCE40A9C-ED20-4490-9283-8125603C3E01}.Release|Any CPU.Build.0 = Release|Any CPU
		{F4CD8CCA-36AF-4FDD-94D8-3721A50FF809}.Debug|Any CPU.ActiveCfg = Debug|Any CPU
		{F4CD8CCA-36AF-4FDD-94D8-3721A50FF809}.Debug|Any CPU.Build.0 = Debug|Any CPU
		{F4CD8CCA-36AF-4FDD-94D8-3721A50FF809}.Release|Any CPU.ActiveCfg = Release|Any CPU
		{F4CD8CCA-36AF-4FDD-94D8-3721A50FF809}.Release|Any CPU.Build.0 = Release|Any CPU
	EndGlobalSection
	GlobalSection(SolutionProperties) = preSolution
		HideSolutionNode = FALSE
	EndGlobalSection
EndGlobal
