
Microsoft Visual Studio Solution File, Format Version 12.00
# Visual Studio 14
VisualStudioVersion = 14.0.25420.1
MinimumVisualStudioVersion = 10.0.40219.1
Project("{FAE04EC0-301F-11D3-BF4B-00C04F79EFBC}") = "LogicHelper", "Helper\LogicHelper.csproj", "{542584F0-5783-44D9-8204-660340C5F9A0}"
EndProject
Project("{FAE04EC0-301F-11D3-BF4B-00C04F79EFBC}") = "1.ArrayByThree", "1.ArrayByThree\1.ArrayByThree.csproj", "{C71A12E9-E36A-4ACD-AE0F-A7CD5C771FAA}"
EndProject
Project("{FAE04EC0-301F-11D3-BF4B-00C04F79EFBC}") = "2.UnivariateArray", "2.UnivariateArray\2.UnivariateArray.csproj", "{C40CB89F-F2A2-42A7-968A-EC31E9A44AFB}"
EndProject
Project("{FAE04EC0-301F-11D3-BF4B-00C04F79EFBC}") = "4.DoubleArray", "4.DoubleArray\4.DoubleArray.csproj", "{77FF34DD-CB7D-4925-8067-3FE4BCA242F3}"
EndProject
Global
	GlobalSection(SolutionConfigurationPlatforms) = preSolution
		Debug|Any CPU = Debug|Any CPU
		Release|Any CPU = Release|Any CPU
	EndGlobalSection
	GlobalSection(ProjectConfigurationPlatforms) = postSolution
		{542584F0-5783-44D9-8204-660340C5F9A0}.Debug|Any CPU.ActiveCfg = Debug|Any CPU
		{542584F0-5783-44D9-8204-660340C5F9A0}.Debug|Any CPU.Build.0 = Debug|Any CPU
		{542584F0-5783-44D9-8204-660340C5F9A0}.Release|Any CPU.ActiveCfg = Release|Any CPU
		{542584F0-5783-44D9-8204-660340C5F9A0}.Release|Any CPU.Build.0 = Release|Any CPU
		{C71A12E9-E36A-4ACD-AE0F-A7CD5C771FAA}.Debug|Any CPU.ActiveCfg = Debug|Any CPU
		{C71A12E9-E36A-4ACD-AE0F-A7CD5C771FAA}.Debug|Any CPU.Build.0 = Debug|Any CPU
		{C71A12E9-E36A-4ACD-AE0F-A7CD5C771FAA}.Release|Any CPU.ActiveCfg = Release|Any CPU
		{C71A12E9-E36A-4ACD-AE0F-A7CD5C771FAA}.Release|Any CPU.Build.0 = Release|Any CPU
		{C40CB89F-F2A2-42A7-968A-EC31E9A44AFB}.Debug|Any CPU.ActiveCfg = Debug|Any CPU
		{C40CB89F-F2A2-42A7-968A-EC31E9A44AFB}.Debug|Any CPU.Build.0 = Debug|Any CPU
		{C40CB89F-F2A2-42A7-968A-EC31E9A44AFB}.Release|Any CPU.ActiveCfg = Release|Any CPU
		{C40CB89F-F2A2-42A7-968A-EC31E9A44AFB}.Release|Any CPU.Build.0 = Release|Any CPU
		{77FF34DD-CB7D-4925-8067-3FE4BCA242F3}.Debug|Any CPU.ActiveCfg = Debug|Any CPU
		{77FF34DD-CB7D-4925-8067-3FE4BCA242F3}.Debug|Any CPU.Build.0 = Debug|Any CPU
		{77FF34DD-CB7D-4925-8067-3FE4BCA242F3}.Release|Any CPU.ActiveCfg = Release|Any CPU
		{77FF34DD-CB7D-4925-8067-3FE4BCA242F3}.Release|Any CPU.Build.0 = Release|Any CPU
	EndGlobalSection
	GlobalSection(SolutionProperties) = preSolution
		HideSolutionNode = FALSE
	EndGlobalSection
EndGlobal
